// !$*UTF8*$!
{
	archiveVersion = 1;
	classes = {
	};
	objectVersion = 48;
	objects = {

/* Begin PBXBuildFile section */
		7D3822EF200BA54D00369F29 /* AppDelegate.swift in Sources */ = {isa = PBXBuildFile; fileRef = 7D3822EE200BA54D00369F29 /* AppDelegate.swift */; };
		7D3822F1200BA54D00369F29 /* ViewController.swift in Sources */ = {isa = PBXBuildFile; fileRef = 7D3822F0200BA54D00369F29 /* ViewController.swift */; };
		7D3822F4200BA54D00369F29 /* Main.storyboard in Resources */ = {isa = PBXBuildFile; fileRef = 7D3822F2200BA54D00369F29 /* Main.storyboard */; };
		7D3822F6200BA54D00369F29 /* Assets.xcassets in Resources */ = {isa = PBXBuildFile; fileRef = 7D3822F5200BA54D00369F29 /* Assets.xcassets */; };
		7D3822F9200BA54D00369F29 /* LaunchScreen.storyboard in Resources */ = {isa = PBXBuildFile; fileRef = 7D3822F7200BA54D00369F29 /* LaunchScreen.storyboard */; };
		7D883A19200BBA5A0001FA19 /* pokemon.csv in Resources */ = {isa = PBXBuildFile; fileRef = 7D883A18200BBA5A0001FA19 /* pokemon.csv */; };
/* End PBXBuildFile section */

/* Begin PBXFileReference section */
		7D3822EB200BA54D00369F29 /* 12 Pokedex.app */ = {isa = PBXFileReference; explicitFileType = wrapper.application; includeInIndex = 0; path = "12 Pokedex.app"; sourceTree = BUILT_PRODUCTS_DIR; };
		7D3822EE200BA54D00369F29 /* AppDelegate.swift */ = {isa = PBXFileReference; lastKnownFileType = sourcecode.swift; path = AppDelegate.swift; sourceTree = "<group>"; };
		7D3822F0200BA54D00369F29 /* ViewController.swift */ = {isa = PBXFileReference; lastKnownFileType = sourcecode.swift; path = ViewController.swift; sourceTree = "<group>"; };
		7D3822F3200BA54D00369F29 /* Base */ = {isa = PBXFileReference; lastKnownFileType = file.storyboard; name = Base; path = Base.lproj/Main.storyboard; sourceTree = "<group>"; };
		7D3822F5200BA54D00369F29 /* Assets.xcassets */ = {isa = PBXFileReference; lastKnownFileType = folder.assetcatalog; path = Assets.xcassets; sourceTree = "<group>"; };
		7D3822F8200BA54D00369F29 /* Base */ = {isa = PBXFileReference; lastKnownFileType = file.storyboard; name = Base; path = Base.lproj/LaunchScreen.storyboard; sourceTree = "<group>"; };
		7D3822FA200BA54D00369F29 /* Info.plist */ = {isa = PBXFileReference; lastKnownFileType = text.plist.xml; path = Info.plist; sourceTree = "<group>"; };
		7D883A18200BBA5A0001FA19 /* pokemon.csv */ = {isa = PBXFileReference; fileEncoding = 4; lastKnownFileType = text; path = pokemon.csv; sourceTree = "<group>"; };
/* End PBXFileReference section */

/* Begin PBXFrameworksBuildPhase section */
		7D3822E8200BA54D00369F29 /* Frameworks */ = {
			isa = PBXFrameworksBuildPhase;
			buildActionMask = 2147483647;
			files = (
			);
			runOnlyForDeploymentPostprocessing = 0;
		};
/* End PBXFrameworksBuildPhase section */

/* Begin PBXGroup section */
		7D3822E2200BA54C00369F29 = {
			isa = PBXGroup;
			children = (
				7D3822ED200BA54D00369F29 /* 12 Pokedex */,
				7D3822EC200BA54D00369F29 /* Products */,
			);
			sourceTree = "<group>";
		};
		7D3822EC200BA54D00369F29 /* Products */ = {
			isa = PBXGroup;
			children = (
				7D3822EB200BA54D00369F29 /* 12 Pokedex.app */,
			);
			name = Products;
			sourceTree = "<group>";
		};
		7D3822ED200BA54D00369F29 /* 12 Pokedex */ = {
			isa = PBXGroup;
			children = (
				7D3822EE200BA54D00369F29 /* AppDelegate.swift */,
				7D3822F0200BA54D00369F29 /* ViewController.swift */,
				7D3822F2200BA54D00369F29 /* Main.storyboard */,
				7D3822F5200BA54D00369F29 /* Assets.xcassets */,
				7D883A18200BBA5A0001FA19 /* pokemon.csv */,
				7D3822F7200BA54D00369F29 /* LaunchScreen.storyboard */,
				7D3822FA200BA54D00369F29 /* Info.plist */,
			);
			path = "12 Pokedex";
			sourceTree = "<group>";
		};
/* End PBXGroup section */

/* Begin PBXNativeTarget section */
		7D3822EA200BA54D00369F29 /* 12 Pokedex */ = {
			isa = PBXNativeTarget;
			buildConfigurationList = 7D3822FD200BA54D00369F29 /* Build configuration list for PBXNativeTarget "12 Pokedex" */;
			buildPhases = (
				7D3822E7200BA54D00369F29 /* Sources */,
				7D3822E8200BA54D00369F29 /* Frameworks */,
				7D3822E9200BA54D00369F29 /* Resources */,
			);
			buildRules = (
			);
			dependencies = (
			);
			name = "12 Pokedex";
			productName = "12 Pokedex";
			productReference = 7D3822EB200BA54D00369F29 /* 12 Pokedex.app */;
			productType = "com.apple.product-type.application";
		};
/* End PBXNativeTarget section */

/* Begin PBXProject section */
		7D3822E3200BA54C00369F29 /* Project object */ = {
			isa = PBXProject;
			attributes = {
				LastSwiftUpdateCheck = 0920;
				LastUpgradeCheck = 0920;
				ORGANIZATIONNAME = "Geoff Rees";
				TargetAttributes = {
					7D3822EA200BA54D00369F29 = {
						CreatedOnToolsVersion = 9.2;
						ProvisioningStyle = Automatic;
					};
				};
			};
			buildConfigurationList = 7D3822E6200BA54C00369F29 /* Build configuration list for PBXProject "12 Pokedex" */;
			compatibilityVersion = "Xcode 8.0";
			developmentRegion = en;
			hasScannedForEncodings = 0;
			knownRegions = (
				en,
				Base,
			);
			mainGroup = 7D3822E2200BA54C00369F29;
			productRefGroup = 7D3822EC200BA54D00369F29 /* Products */;
			projectDirPath = "";
			projectRoot = "";
			targets = (
				7D3822EA200BA54D00369F29 /* 12 Pokedex */,
			);
		};
/* End PBXProject section */

/* Begin PBXResourcesBuildPhase section */
		7D3822E9200BA54D00369F29 /* Resources */ = {
			isa = PBXResourcesBuildPhase;
			buildActionMask = 2147483647;
			files = (
				7D3822F9200BA54D00369F29 /* LaunchScreen.storyboard in Resources */,
				7D3822F6200BA54D00369F29 /* Assets.xcassets in Resources */,
				7D883A19200BBA5A0001FA19 /* pokemon.csv in Resources */,
				7D3822F4200BA54D00369F29 /* Main.storyboard in Resources */,
			);
			runOnlyForDeploymentPostprocessing = 0;
		};
/* End PBXResourcesBuildPhase section */

/* Begin PBXSourcesBuildPhase section */
		7D3822E7200BA54D00369F29 /* Sources */ = {
			isa = PBXSourcesBuildPhase;
			buildActionMask = 2147483647;
			files = (
				7D3822F1200BA54D00369F29 /* ViewController.swift in Sources */,
				7D3822EF200BA54D00369F29 /* AppDelegate.swift in Sources */,
			);
			runOnlyForDeploymentPostprocessing = 0;
		};
/* End PBXSourcesBuildPhase section */

/* Begin PBXVariantGroup section */
		7D3822F2200BA54D00369F29 /* Main.storyboard */ = {
			isa = PBXVariantGroup;
			children = (
				7D3822F3200BA54D00369F29 /* Base */,
			);
			name = Main.storyboard;
			sourceTree = "<group>";
		};
		7D3822F7200BA54D00369F29 /* LaunchScreen.storyboard */ = {
			isa = PBXVariantGroup;
			children = (
				7D3822F8200BA54D00369F29 /* Base */,
			);
			name = LaunchScreen.storyboard;
			sourceTree = "<group>";
		};
/* End PBXVariantGroup section */

/* Begin XCBuildConfiguration section */
		7D3822FB200BA54D00369F29 /* Debug */ = {
			isa = XCBuildConfiguration;
			buildSettings = {
				ALWAYS_SEARCH_USER_PATHS = NO;
				CLANG_ANALYZER_NONNULL = YES;
				CLANG_ANALYZER_NUMBER_OBJECT_CONVERSION = YES_AGGRESSIVE;
				CLANG_CXX_LANGUAGE_STANDARD = "gnu++14";
				CLANG_CXX_LIBRARY = "libc++";
				CLANG_ENABLE_MODULES = YES;
				CLANG_ENABLE_OBJC_ARC = YES;
				CLANG_WARN_BLOCK_CAPTURE_AUTORELEASING = YES;
				CLANG_WARN_BOOL_CONVERSION = YES;
				CLANG_WARN_COMMA = YES;
				CLANG_WARN_CONSTANT_CONVERSION = YES;
				CLANG_WARN_DIRECT_OBJC_ISA_USAGE = YES_ERROR;
				CLANG_WARN_DOCUMENTATION_COMMENTS = YES;
				CLANG_WARN_EMPTY_BODY = YES;
				CLANG_WARN_ENUM_CONVERSION = YES;
				CLANG_WARN_INFINITE_RECURSION = YES;
				CLANG_WARN_INT_CONVERSION = YES;
				CLANG_WARN_NON_LITERAL_NULL_CONVERSION = YES;
				CLANG_WARN_OBJC_LITERAL_CONVERSION = YES;
				CLANG_WARN_OBJC_ROOT_CLASS = YES_ERROR;
				CLANG_WARN_RANGE_LOOP_ANALYSIS = YES;
				CLANG_WARN_STRICT_PROTOTYPES = YES;
				CLANG_WARN_SUSPICIOUS_MOVE = YES;
				CLANG_WARN_UNGUARDED_AVAILABILITY = YES_AGGRESSIVE;
				CLANG_WARN_UNREACHABLE_CODE = YES;
				CLANG_WARN__DUPLICATE_METHOD_MATCH = YES;
				CODE_SIGN_IDENTITY = "iPhone Developer";
				COPY_PHASE_STRIP = NO;
				DEBUG_INFORMATION_FORMAT = dwarf;
				ENABLE_STRICT_OBJC_MSGSEND = YES;
				ENABLE_TESTABILITY = YES;
				GCC_C_LANGUAGE_STANDARD = gnu11;
				GCC_DYNAMIC_NO_PIC = NO;
				GCC_NO_COMMON_BLOCKS = YES;
				GCC_OPTIMIZATION_LEVEL = 0;
				GCC_PREPROCESSOR_DEFINITIONS = (
					"DEBUG=1",
					"$(inherited)",
				);
				GCC_WARN_64_TO_32_BIT_CONVERSION = YES;
				GCC_WARN_ABOUT_RETURN_TYPE = YES_ERROR;
				GCC_WARN_UNDECLARED_SELECTOR = YES;
				GCC_WARN_UNINITIALIZED_AUTOS = YES_AGGRESSIVE;
				GCC_WARN_UNUSED_FUNCTION = YES;
				GCC_WARN_UNUSED_VARIABLE = YES;
				IPHONEOS_DEPLOYMENT_TARGET = 11.2;
				MTL_ENABLE_DEBUG_INFO = YES;
				ONLY_ACTIVE_ARCH = YES;
				SDKROOT = iphoneos;
				SWIFT_ACTIVE_COMPILATION_CONDITIONS = DEBUG;
				SWIFT_OPTIMIZATION_LEVEL = "-Onone";
			};
			name = Debug;
		};
		7D3822FC200BA54D00369F29 /* Release */ = {
			isa = XCBuildConfiguration;
			buildSettings = {
				ALWAYS_SEARCH_USER_PATHS = NO;
				CLANG_ANALYZER_NONNULL = YES;
				CLANG_ANALYZER_NUMBER_OBJECT_CONVERSION = YES_AGGRESSIVE;
				CLANG_CXX_LANGUAGE_STANDARD = "gnu++14";
				CLANG_CXX_LIBRARY = "libc++";
				CLANG_ENABLE_MODULES = YES;
				CLANG_ENABLE_OBJC_ARC = YES;
				CLANG_WARN_BLOCK_CAPTURE_AUTORELEASING = YES;
				CLANG_WARN_BOOL_CONVERSION = YES;
				CLANG_WARN_COMMA = YES;
				CLANG_WARN_CONSTANT_CONVERSION = YES;
				CLANG_WARN_DIRECT_OBJC_ISA_USAGE = YES_ERROR;
				CLANG_WARN_DOCUMENTATION_COMMENTS = YES;
				CLANG_WARN_EMPTY_BODY = YES;
				CLANG_WARN_ENUM_CONVERSION = YES;
				CLANG_WARN_INFINITE_RECURSION = YES;
				CLANG_WARN_INT_CONVERSION = YES;
				CLANG_WARN_NON_LITERAL_NULL_CONVERSION = YES;
				CLANG_WARN_OBJC_LITERAL_CONVERSION = YES;
				CLANG_WARN_OBJC_ROOT_CLASS = YES_ERROR;
				CLANG_WARN_RANGE_LOOP_ANALYSIS = YES;
				CLANG_WARN_STRICT_PROTOTYPES = YES;
				CLANG_WARN_SUSPICIOUS_MOVE = YES;
				CLANG_WARN_UNGUARDED_AVAILABILITY = YES_AGGRESSIVE;
				CLANG_WARN_UNREACHABLE_CODE = YES;
				CLANG_WARN__DUPLICATE_METHOD_MATCH = YES;
				CODE_SIGN_IDENTITY = "iPhone Developer";
				COPY_PHASE_STRIP = NO;
				DEBUG_INFORMATION_FORMAT = "dwarf-with-dsym";
				ENABLE_NS_ASSERTIONS = NO;
				ENABLE_STRICT_OBJC_MSGSEND = YES;
				GCC_C_LANGUAGE_STANDARD = gnu11;
				GCC_NO_COMMON_BLOCKS = YES;
				GCC_WARN_64_TO_32_BIT_CONVERSION = YES;
				GCC_WARN_ABOUT_RETURN_TYPE = YES_ERROR;
				GCC_WARN_UNDECLARED_SELECTOR = YES;
				GCC_WARN_UNINITIALIZED_AUTOS = YES_AGGRESSIVE;
				GCC_WARN_UNUSED_FUNCTION = YES;
				GCC_WARN_UNUSED_VARIABLE = YES;
				IPHONEOS_DEPLOYMENT_TARGET = 11.2;
				MTL_ENABLE_DEBUG_INFO = NO;
				SDKROOT = iphoneos;
				SWIFT_OPTIMIZATION_LEVEL = "-Owholemodule";
				VALIDATE_PRODUCT = YES;
			};
			name = Release;
		};
		7D3822FE200BA54D00369F29 /* Debug */ = {
			isa = XCBuildConfiguration;
			buildSettings = {
				ASSETCATALOG_COMPILER_APPICON_NAME = AppIcon;
				CODE_SIGN_STYLE = Automatic;
				INFOPLIST_FILE = "12 Pokedex/Info.plist";
				LD_RUNPATH_SEARCH_PATHS = "$(inherited) @executable_path/Frameworks";
				PRODUCT_BUNDLE_IDENTIFIER = "com.reesgeoff.-2-Pokedex";
				PRODUCT_NAME = "$(TARGET_NAME)";
				SWIFT_VERSION = 4.0;
				TARGETED_DEVICE_FAMILY = 1;
			};
			name = Debug;
		};
		7D3822FF200BA54D00369F29 /* Release */ = {
			isa = XCBuildConfiguration;
			buildSettings = {
				ASSETCATALOG_COMPILER_APPICON_NAME = AppIcon;
				CODE_SIGN_STYLE = Automatic;
				INFOPLIST_FILE = "12 Pokedex/Info.plist";
				LD_RUNPATH_SEARCH_PATHS = "$(inherited) @executable_path/Frameworks";
				PRODUCT_BUNDLE_IDENTIFIER = "com.reesgeoff.-2-Pokedex";
				PRODUCT_NAME = "$(TARGET_NAME)";
				SWIFT_VERSION = 4.0;
				TARGETED_DEVICE_FAMILY = 1;
			};
			name = Release;
		};
/* End XCBuildConfiguration section */

/* Begin XCConfigurationList section */
		7D3822E6200BA54C00369F29 /* Build configuration list for PBXProject "12 Pokedex" */ = {
			isa = XCConfigurationList;
			buildConfigurations = (
				7D3822FB200BA54D00369F29 /* Debug */,
				7D3822FC200BA54D00369F29 /* Release */,
			);
			defaultConfigurationIsVisible = 0;
			defaultConfigurationName = Release;
		};
		7D3822FD200BA54D00369F29 /* Build configuration list for PBXNativeTarget "12 Pokedex" */ = {
			isa = XCConfigurationList;
			buildConfigurations = (
				7D3822FE200BA54D00369F29 /* Debug */,
				7D3822FF200BA54D00369F29 /* Release */,
			);
			defaultConfigurationIsVisible = 0;
			defaultConfigurationName = Release;
		};
/* End XCConfigurationList section */
	};
	rootObject = 7D3822E3200BA54C00369F29 /* Project object */;
}
